
Microsoft Visual Studio Solution File, Format Version 12.00
# Visual Studio Version 16
VisualStudioVersion = 16.0.33423.256
MinimumVisualStudioVersion = 10.0.40219.1
Project("{8BC9CEB8-8B4A-11D0-8D11-00A0C91BC942}") = "ClassD.A.1", "ClassD.A.1.vcxproj", "{9A20DFFE-B5B5-4E0D-8923-7ACF5C86EA4C}"
EndProject
Global
	GlobalSection(SolutionConfigurationPlatforms) = preSolution
		Debug|x64 = Debug|x64
		Debug|x86 = Debug|x86
		Release|x64 = Release|x64
		Release|x86 = Release|x86
	EndGlobalSection
	GlobalSection(ProjectConfigurationPlatforms) = postSolution
		{9A20DFFE-B5B5-4E0D-8923-7ACF5C86EA4C}.Debug|x64.ActiveCfg = Debug|x64
		{9A20DFFE-B5B5-4E0D-8923-7ACF5C86EA4C}.Debug|x64.Build.0 = Debug|x64
		{9A20DFFE-B5B5-4E0D-8923-7ACF5C86EA4C}.Debug|x86.ActiveCfg = Debug|Win32
		{9A20DFFE-B5B5-4E0D-8923-7ACF5C86EA4C}.Debug|x86.Build.0 = Debug|Win32
		{9A20DFFE-B5B5-4E0D-8923-7ACF5C86EA4C}.Release|x64.ActiveCfg = Release|x64
		{9A20DFFE-B5B5-4E0D-8923-7ACF5C86EA4C}.Release|x64.Build.0 = Release|x64
		{9A20DFFE-B5B5-4E0D-8923-7ACF5C86EA4C}.Release|x86.ActiveCfg = Release|Win32
		{9A20DFFE-B5B5-4E0D-8923-7ACF5C86EA4C}.Release|x86.Build.0 = Release|Win32
	EndGlobalSection
	GlobalSection(SolutionProperties) = preSolution
		HideSolutionNode = FALSE
	EndGlobalSection
	GlobalSection(ExtensibilityGlobals) = postSolution
		SolutionGuid = {74979C44-3C37-4A62-B3A9-5652BAAF1128}
	EndGlobalSection
EndGlobal
